// !$*UTF8*$!
{
	archiveVersion = 1;
	classes = {
	};
	objectVersion = 50;
	objects = {

/* Begin PBXBuildFile section */
		180D179C24BF81CF005638D4 /* AppDelegate.swift in Sources */ = {isa = PBXBuildFile; fileRef = 180D179B24BF81CF005638D4 /* AppDelegate.swift */; };
		180D179E24BF81CF005638D4 /* SceneDelegate.swift in Sources */ = {isa = PBXBuildFile; fileRef = 180D179D24BF81CF005638D4 /* SceneDelegate.swift */; };
		180D17A024BF81CF005638D4 /* ViewController.swift in Sources */ = {isa = PBXBuildFile; fileRef = 180D179F24BF81CF005638D4 /* ViewController.swift */; };
		180D17A324BF81CF005638D4 /* Main.storyboard in Resources */ = {isa = PBXBuildFile; fileRef = 180D17A124BF81CF005638D4 /* Main.storyboard */; };
		180D17A624BF81CF005638D4 /* whyMina.xcdatamodeld in Sources */ = {isa = PBXBuildFile; fileRef = 180D17A424BF81CF005638D4 /* whyMina.xcdatamodeld */; };
		180D17A824BF81D2005638D4 /* Assets.xcassets in Resources */ = {isa = PBXBuildFile; fileRef = 180D17A724BF81D2005638D4 /* Assets.xcassets */; };
		180D17AB24BF81D2005638D4 /* LaunchScreen.storyboard in Resources */ = {isa = PBXBuildFile; fileRef = 180D17A924BF81D2005638D4 /* LaunchScreen.storyboard */; };
/* End PBXBuildFile section */

/* Begin PBXFileReference section */
		180D179824BF81CF005638D4 /* whyMina.app */ = {isa = PBXFileReference; explicitFileType = wrapper.application; includeInIndex = 0; path = whyMina.app; sourceTree = BUILT_PRODUCTS_DIR; };
		180D179B24BF81CF005638D4 /* AppDelegate.swift */ = {isa = PBXFileReference; lastKnownFileType = sourcecode.swift; path = AppDelegate.swift; sourceTree = "<group>"; };
		180D179D24BF81CF005638D4 /* SceneDelegate.swift */ = {isa = PBXFileReference; lastKnownFileType = sourcecode.swift; path = SceneDelegate.swift; sourceTree = "<group>"; };
		180D179F24BF81CF005638D4 /* ViewController.swift */ = {isa = PBXFileReference; lastKnownFileType = sourcecode.swift; path = ViewController.swift; sourceTree = "<group>"; };
		180D17A224BF81CF005638D4 /* Base */ = {isa = PBXFileReference; lastKnownFileType = file.storyboard; name = Base; path = Base.lproj/Main.storyboard; sourceTree = "<group>"; };
		180D17A524BF81CF005638D4 /* whyMina.xcdatamodel */ = {isa = PBXFileReference; lastKnownFileType = wrapper.xcdatamodel; path = whyMina.xcdatamodel; sourceTree = "<group>"; };
		180D17A724BF81D2005638D4 /* Assets.xcassets */ = {isa = PBXFileReference; lastKnownFileType = folder.assetcatalog; path = Assets.xcassets; sourceTree = "<group>"; };
		180D17AA24BF81D2005638D4 /* Base */ = {isa = PBXFileReference; lastKnownFileType = file.storyboard; name = Base; path = Base.lproj/LaunchScreen.storyboard; sourceTree = "<group>"; };
		180D17AC24BF81D2005638D4 /* Info.plist */ = {isa = PBXFileReference; lastKnownFileType = text.plist.xml; path = Info.plist; sourceTree = "<group>"; };
/* End PBXFileReference section */

/* Begin PBXFrameworksBuildPhase section */
		180D179524BF81CF005638D4 /* Frameworks */ = {
			isa = PBXFrameworksBuildPhase;
			buildActionMask = 2147483647;
			files = (
			);
			runOnlyForDeploymentPostprocessing = 0;
		};
/* End PBXFrameworksBuildPhase section */

/* Begin PBXGroup section */
		180D178F24BF81CF005638D4 = {
			isa = PBXGroup;
			children = (
				180D179A24BF81CF005638D4 /* whyMina */,
				180D179924BF81CF005638D4 /* Products */,
			);
			sourceTree = "<group>";
		};
		180D179924BF81CF005638D4 /* Products */ = {
			isa = PBXGroup;
			children = (
				180D179824BF81CF005638D4 /* whyMina.app */,
			);
			name = Products;
			sourceTree = "<group>";
		};
		180D179A24BF81CF005638D4 /* whyMina */ = {
			isa = PBXGroup;
			children = (
				180D179B24BF81CF005638D4 /* AppDelegate.swift */,
				180D179D24BF81CF005638D4 /* SceneDelegate.swift */,
				180D179F24BF81CF005638D4 /* ViewController.swift */,
				180D17A124BF81CF005638D4 /* Main.storyboard */,
				180D17A724BF81D2005638D4 /* Assets.xcassets */,
				180D17A924BF81D2005638D4 /* LaunchScreen.storyboard */,
				180D17AC24BF81D2005638D4 /* Info.plist */,
				180D17A424BF81CF005638D4 /* whyMina.xcdatamodeld */,
			);
			path = whyMina;
			sourceTree = "<group>";
		};
/* End PBXGroup section */

/* Begin PBXNativeTarget section */
		180D179724BF81CF005638D4 /* whyMina */ = {
			isa = PBXNativeTarget;
			buildConfigurationList = 180D17AF24BF81D2005638D4 /* Build configuration list for PBXNativeTarget "whyMina" */;
			buildPhases = (
				180D179424BF81CF005638D4 /* Sources */,
				180D179524BF81CF005638D4 /* Frameworks */,
				180D179624BF81CF005638D4 /* Resources */,
			);
			buildRules = (
			);
			dependencies = (
			);
			name = whyMina;
			productName = whyMina;
			productReference = 180D179824BF81CF005638D4 /* whyMina.app */;
			productType = "com.apple.product-type.application";
		};
/* End PBXNativeTarget section */

/* Begin PBXProject section */
		180D179024BF81CF005638D4 /* Project object */ = {
			isa = PBXProject;
			attributes = {
				LastSwiftUpdateCheck = 1150;
				LastUpgradeCheck = 1150;
				ORGANIZATIONNAME = "Madison Parker";
				TargetAttributes = {
					180D179724BF81CF005638D4 = {
						CreatedOnToolsVersion = 11.5;
					};
				};
			};
			buildConfigurationList = 180D179324BF81CF005638D4 /* Build configuration list for PBXProject "whyMina" */;
			compatibilityVersion = "Xcode 9.3";
			developmentRegion = en;
			hasScannedForEncodings = 0;
			knownRegions = (
				en,
				Base,
			);
			mainGroup = 180D178F24BF81CF005638D4;
			productRefGroup = 180D179924BF81CF005638D4 /* Products */;
			projectDirPath = "";
			projectRoot = "";
			targets = (
				180D179724BF81CF005638D4 /* whyMina */,
			);
		};
/* End PBXProject section */

/* Begin PBXResourcesBuildPhase section */
		180D179624BF81CF005638D4 /* Resources */ = {
			isa = PBXResourcesBuildPhase;
			buildActionMask = 2147483647;
			files = (
				180D17AB24BF81D2005638D4 /* LaunchScreen.storyboard in Resources */,
				180D17A824BF81D2005638D4 /* Assets.xcassets in Resources */,
				180D17A324BF81CF005638D4 /* Main.storyboard in Resources */,
			);
			runOnlyForDeploymentPostprocessing = 0;
		};
/* End PBXResourcesBuildPhase section */

/* Begin PBXSourcesBuildPhase section */
		180D179424BF81CF005638D4 /* Sources */ = {
			isa = PBXSourcesBuildPhase;
			buildActionMask = 2147483647;
			files = (
				180D17A024BF81CF005638D4 /* ViewController.swift in Sources */,
				180D17A624BF81CF005638D4 /* whyMina.xcdatamodeld in Sources */,
				180D179C24BF81CF005638D4 /* AppDelegate.swift in Sources */,
				180D179E24BF81CF005638D4 /* SceneDelegate.swift in Sources */,
			);
			runOnlyForDeploymentPostprocessing = 0;
		};
/* End PBXSourcesBuildPhase section */

/* Begin PBXVariantGroup section */
		180D17A124BF81CF005638D4 /* Main.storyboard */ = {
			isa = PBXVariantGroup;
			children = (
				180D17A224BF81CF005638D4 /* Base */,
			);
			name = Main.storyboard;
			sourceTree = "<group>";
		};
		180D17A924BF81D2005638D4 /* LaunchScreen.storyboard */ = {
			isa = PBXVariantGroup;
			children = (
				180D17AA24BF81D2005638D4 /* Base */,
			);
			name = LaunchScreen.storyboard;
			sourceTree = "<group>";
		};
/* End PBXVariantGroup section */

/* Begin XCBuildConfiguration section */
		180D17AD24BF81D2005638D4 /* Debug */ = {
			isa = XCBuildConfiguration;
			buildSettings = {
				ALWAYS_SEARCH_USER_PATHS = NO;
				CLANG_ANALYZER_NONNULL = YES;
				CLANG_ANALYZER_NUMBER_OBJECT_CONVERSION = YES_AGGRESSIVE;
				CLANG_CXX_LANGUAGE_STANDARD = "gnu++14";
				CLANG_CXX_LIBRARY = "libc++";
				CLANG_ENABLE_MODULES = YES;
				CLANG_ENABLE_OBJC_ARC = YES;
				CLANG_ENABLE_OBJC_WEAK = YES;
				CLANG_WARN_BLOCK_CAPTURE_AUTORELEASING = YES;
				CLANG_WARN_BOOL_CONVERSION = YES;
				CLANG_WARN_COMMA = YES;
				CLANG_WARN_CONSTANT_CONVERSION = YES;
				CLANG_WARN_DEPRECATED_OBJC_IMPLEMENTATIONS = YES;
				CLANG_WARN_DIRECT_OBJC_ISA_USAGE = YES_ERROR;
				CLANG_WARN_DOCUMENTATION_COMMENTS = YES;
				CLANG_WARN_EMPTY_BODY = YES;
				CLANG_WARN_ENUM_CONVERSION = YES;
				CLANG_WARN_INFINITE_RECURSION = YES;
				CLANG_WARN_INT_CONVERSION = YES;
				CLANG_WARN_NON_LITERAL_NULL_CONVERSION = YES;
				CLANG_WARN_OBJC_IMPLICIT_RETAIN_SELF = YES;
				CLANG_WARN_OBJC_LITERAL_CONVERSION = YES;
				CLANG_WARN_OBJC_ROOT_CLASS = YES_ERROR;
				CLANG_WARN_RANGE_LOOP_ANALYSIS = YES;
				CLANG_WARN_STRICT_PROTOTYPES = YES;
				CLANG_WARN_SUSPICIOUS_MOVE = YES;
				CLANG_WARN_UNGUARDED_AVAILABILITY = YES_AGGRESSIVE;
				CLANG_WARN_UNREACHABLE_CODE = YES;
				CLANG_WARN__DUPLICATE_METHOD_MATCH = YES;
				COPY_PHASE_STRIP = NO;
				DEBUG_INFORMATION_FORMAT = dwarf;
				ENABLE_STRICT_OBJC_MSGSEND = YES;
				ENABLE_TESTABILITY = YES;
				GCC_C_LANGUAGE_STANDARD = gnu11;
				GCC_DYNAMIC_NO_PIC = NO;
				GCC_NO_COMMON_BLOCKS = YES;
				GCC_OPTIMIZATION_LEVEL = 0;
				GCC_PREPROCESSOR_DEFINITIONS = (
					"DEBUG=1",
					"$(inherited)",
				);
				GCC_WARN_64_TO_32_BIT_CONVERSION = YES;
				GCC_WARN_ABOUT_RETURN_TYPE = YES_ERROR;
				GCC_WARN_UNDECLARED_SELECTOR = YES;
				GCC_WARN_UNINITIALIZED_AUTOS = YES_AGGRESSIVE;
				GCC_WARN_UNUSED_FUNCTION = YES;
				GCC_WARN_UNUSED_VARIABLE = YES;
				IPHONEOS_DEPLOYMENT_TARGET = 13.5;
				MTL_ENABLE_DEBUG_INFO = INCLUDE_SOURCE;
				MTL_FAST_MATH = YES;
				ONLY_ACTIVE_ARCH = YES;
				SDKROOT = iphoneos;
				SWIFT_ACTIVE_COMPILATION_CONDITIONS = DEBUG;
				SWIFT_OPTIMIZATION_LEVEL = "-Onone";
			};
			name = Debug;
		};
		180D17AE24BF81D2005638D4 /* Release */ = {
			isa = XCBuildConfiguration;
			buildSettings = {
				ALWAYS_SEARCH_USER_PATHS = NO;
				CLANG_ANALYZER_NONNULL = YES;
				CLANG_ANALYZER_NUMBER_OBJECT_CONVERSION = YES_AGGRESSIVE;
				CLANG_CXX_LANGUAGE_STANDARD = "gnu++14";
				CLANG_CXX_LIBRARY = "libc++";
				CLANG_ENABLE_MODULES = YES;
				CLANG_ENABLE_OBJC_ARC = YES;
				CLANG_ENABLE_OBJC_WEAK = YES;
				CLANG_WARN_BLOCK_CAPTURE_AUTORELEASING = YES;
				CLANG_WARN_BOOL_CONVERSION = YES;
				CLANG_WARN_COMMA = YES;
				CLANG_WARN_CONSTANT_CONVERSION = YES;
				CLANG_WARN_DEPRECATED_OBJC_IMPLEMENTATIONS = YES;
				CLANG_WARN_DIRECT_OBJC_ISA_USAGE = YES_ERROR;
				CLANG_WARN_DOCUMENTATION_COMMENTS = YES;
				CLANG_WARN_EMPTY_BODY = YES;
				CLANG_WARN_ENUM_CONVERSION = YES;
				CLANG_WARN_INFINITE_RECURSION = YES;
				CLANG_WARN_INT_CONVERSION = YES;
				CLANG_WARN_NON_LITERAL_NULL_CONVERSION = YES;
				CLANG_WARN_OBJC_IMPLICIT_RETAIN_SELF = YES;
				CLANG_WARN_OBJC_LITERAL_CONVERSION = YES;
				CLANG_WARN_OBJC_ROOT_CLASS = YES_ERROR;
				CLANG_WARN_RANGE_LOOP_ANALYSIS = YES;
				CLANG_WARN_STRICT_PROTOTYPES = YES;
				CLANG_WARN_SUSPICIOUS_MOVE = YES;
				CLANG_WARN_UNGUARDED_AVAILABILITY = YES_AGGRESSIVE;
				CLANG_WARN_UNREACHABLE_CODE = YES;
				CLANG_WARN__DUPLICATE_METHOD_MATCH = YES;
				COPY_PHASE_STRIP = NO;
				DEBUG_INFORMATION_FORMAT = "dwarf-with-dsym";
				ENABLE_NS_ASSERTIONS = NO;
				ENABLE_STRICT_OBJC_MSGSEND = YES;
				GCC_C_LANGUAGE_STANDARD = gnu11;
				GCC_NO_COMMON_BLOCKS = YES;
				GCC_WARN_64_TO_32_BIT_CONVERSION = YES;
				GCC_WARN_ABOUT_RETURN_TYPE = YES_ERROR;
				GCC_WARN_UNDECLARED_SELECTOR = YES;
				GCC_WARN_UNINITIALIZED_AUTOS = YES_AGGRESSIVE;
				GCC_WARN_UNUSED_FUNCTION = YES;
				GCC_WARN_UNUSED_VARIABLE = YES;
				IPHONEOS_DEPLOYMENT_TARGET = 13.5;
				MTL_ENABLE_DEBUG_INFO = NO;
				MTL_FAST_MATH = YES;
				SDKROOT = iphoneos;
				SWIFT_COMPILATION_MODE = wholemodule;
				SWIFT_OPTIMIZATION_LEVEL = "-O";
				VALIDATE_PRODUCT = YES;
			};
			name = Release;
		};
		180D17B024BF81D2005638D4 /* Debug */ = {
			isa = XCBuildConfiguration;
			buildSettings = {
				ASSETCATALOG_COMPILER_APPICON_NAME = AppIcon;
				CODE_SIGN_STYLE = Automatic;
				INFOPLIST_FILE = whyMina/Info.plist;
				LD_RUNPATH_SEARCH_PATHS = (
					"$(inherited)",
					"@executable_path/Frameworks",
				);
				PRODUCT_BUNDLE_IDENTIFIER = Parker.whyMina;
				PRODUCT_NAME = "$(TARGET_NAME)";
				SWIFT_VERSION = 5.0;
				TARGETED_DEVICE_FAMILY = "1,2";
			};
			name = Debug;
		};
		180D17B124BF81D2005638D4 /* Release */ = {
			isa = XCBuildConfiguration;
			buildSettings = {
				ASSETCATALOG_COMPILER_APPICON_NAME = AppIcon;
				CODE_SIGN_STYLE = Automatic;
				INFOPLIST_FILE = whyMina/Info.plist;
				LD_RUNPATH_SEARCH_PATHS = (
					"$(inherited)",
					"@executable_path/Frameworks",
				);
				PRODUCT_BUNDLE_IDENTIFIER = Parker.whyMina;
				PRODUCT_NAME = "$(TARGET_NAME)";
				SWIFT_VERSION = 5.0;
				TARGETED_DEVICE_FAMILY = "1,2";
			};
			name = Release;
		};
/* End XCBuildConfiguration section */

/* Begin XCConfigurationList section */
		180D179324BF81CF005638D4 /* Build configuration list for PBXProject "whyMina" */ = {
			isa = XCConfigurationList;
			buildConfigurations = (
				180D17AD24BF81D2005638D4 /* Debug */,
				180D17AE24BF81D2005638D4 /* Release */,
			);
			defaultConfigurationIsVisible = 0;
			defaultConfigurationName = Release;
		};
		180D17AF24BF81D2005638D4 /* Build configuration list for PBXNativeTarget "whyMina" */ = {
			isa = XCConfigurationList;
			buildConfigurations = (
				180D17B024BF81D2005638D4 /* Debug */,
				180D17B124BF81D2005638D4 /* Release */,
			);
			defaultConfigurationIsVisible = 0;
			defaultConfigurationName = Release;
		};
/* End XCConfigurationList section */

/* Begin XCVersionGroup section */
		180D17A424BF81CF005638D4 /* whyMina.xcdatamodeld */ = {
			isa = XCVersionGroup;
			children = (
				180D17A524BF81CF005638D4 /* whyMina.xcdatamodel */,
			);
			currentVersion = 180D17A524BF81CF005638D4 /* whyMina.xcdatamodel */;
			path = whyMina.xcdatamodeld;
			sourceTree = "<group>";
			versionGroupType = wrapper.xcdatamodel;
		};
/* End XCVersionGroup section */
	};
	rootObject = 180D179024BF81CF005638D4 /* Project object */;
}
